PODS:
  - Crashlytics (3.9.3):
    - Fabric (~> 1.7.2)
  - Fabric (1.7.2)
  - Mixpanel-swift (2.3.1):
    - Mixpanel-swift/Complete (= 2.3.1)
  - Mixpanel-swift/Complete (2.3.1)
  - SwiftyBeaver (1.5.1)
  - SwiftyJSON (4.0.0)
  - XLPagerTabStrip (8.0.0)

DEPENDENCIES:
  - Crashlytics
  - Mixpanel-swift
  - SwiftyBeaver
  - SwiftyJSON
  - XLPagerTabStrip

SPEC CHECKSUMS:
  Crashlytics: dbb07d01876c171c5ccbdf7826410380189e452c
  Fabric: 9cd6a848efcf1b8b07497e0b6a2e7d336353ba15
  Mixpanel-swift: 836b594b6b536544943e79e61eb34224bf6c7956
  SwiftyBeaver: 4f74563624b2c1e821c522c54142b5dd5ebb0f30
  SwiftyJSON: 070dabdcb1beb81b247c65ffa3a79dbbfb3b48aa
  XLPagerTabStrip: d1ab378af0923320ec0b5eab11d7b2f803d31261

PODFILE CHECKSUM: 161a695a16632eb9a64cf5d6678039cc8a98be06

COCOAPODS: 1.4.0
